# THIS IS AN AUTOGENERATED FILE. DO NOT EDIT THIS FILE DIRECTLY.
# yarn lockfile v1


"@hacksawstudios/haxe-module-installer@1.2.6":
  version "1.2.6"
  resolved "https://hacksawgaming-281033247142.d.codeartifact.eu-west-1.amazonaws.com:443/npm/hacksaw-client-artifacts/@hacksawstudios/haxe-module-installer/-/haxe-module-installer-1.2.6.tgz#fcb9c643a30f11200a647f437a9befce984ad5f4"
  integrity sha512-2bWK3hAmF+bVMxxVRCez7OJIbBo+nu1JvUSXdeoaJVsgPtFBCKZ6dAfi7VqRHZo7IQJKaHFzI2seMKD5OFckmA==
  dependencies:
    fs-extra "10.1.0"

fs-extra@10.1.0:
  version "10.1.0"
  resolved "https://hacksawgaming-281033247142.d.codeartifact.eu-west-1.amazonaws.com:443/npm/hacksaw-client-artifacts/fs-extra/-/fs-extra-10.1.0.tgz#02873cfbc4084dde127eaa5f9905eef2325d1abf"
  integrity sha512-oRXApq54ETRj4eMiFzGnHWGy+zo5raudjuxN0b8H7s/RU2oW0Wvsx9O0ACRN/kRq9E8Vu/ReskGB5o3ji+FzHQ==
  dependencies:
    graceful-fs "^4.2.0"
    jsonfile "^6.0.1"
    universalify "^2.0.0"

fs-extra@11.1.0:
  version "11.1.0"
  resolved "https://hacksawgaming-281033247142.d.codeartifact.eu-west-1.amazonaws.com:443/npm/hacksaw-client-artifacts/fs-extra/-/fs-extra-11.1.0.tgz#5784b102104433bb0e090f48bfc4a30742c357ed"
  integrity sha512-0rcTq621PD5jM/e0a3EJoGC/1TC5ZBCERW82LQuwfGnCa1V8w7dpYH1yNu+SLb6E5dkeCBzKEyLGlFrnr+dUyw==
  dependencies:
    graceful-fs "^4.2.0"
    jsonfile "^6.0.1"
    universalify "^2.0.0"

graceful-fs@^4.1.6, graceful-fs@^4.2.0:
  version "4.2.3"
  resolved "https://registry.yarnpkg.com/graceful-fs/-/graceful-fs-4.2.3.tgz#4a12ff1b60376ef09862c2093edd908328be8423"
  integrity sha512-a30VEBm4PEdx1dRB7MFK7BejejvCvBronbLjht+sHuGYj8PHs7M/5Z+rt5lw551vZ7yfTCj4Vuyy3mSJytDWRQ==

jsonfile@^6.0.1:
  version "6.1.0"
  resolved "https://registry.yarnpkg.com/jsonfile/-/jsonfile-6.1.0.tgz#bc55b2634793c679ec6403094eb13698a6ec0aae"
  integrity sha512-5dgndWOriYSm5cnYaJNhalLNDKOqFwyDB/rr1E9ZsGciGvKPs8R2xYGCacuf3z6K1YKDz182fd+fY3cn3pMqXQ==
  dependencies:
    universalify "^2.0.0"
  optionalDependencies:
    graceful-fs "^4.1.6"

universalify@^2.0.0:
  version "2.0.0"
  resolved "https://registry.yarnpkg.com/universalify/-/universalify-2.0.0.tgz#75a4984efedc4b08975c5aeb73f530d02df25717"
  integrity sha512-hAZsKq7Yy11Zu1DE0OzWjw7nnLZmJZYTDZZyEFHZdUhV8FkH5MCfoU1XMaxXovpyW5nq5scPqq0ZDP9Zyl04oQ==
